// !$*UTF8*$!
{
	archiveVersion = 1;
	classes = {
	};
	objectVersion = 46;
	objects = {

/* Begin PBXBuildFile section */
		1073E6121E237496000A1E16 /* AppDelegate.swift in Sources */ = {isa = PBXBuildFile; fileRef = 1073E6111E237496000A1E16 /* AppDelegate.swift */; };
		1073E6141E237496000A1E16 /* ViewController.swift in Sources */ = {isa = PBXBuildFile; fileRef = 1073E6131E237496000A1E16 /* ViewController.swift */; };
		1073E6171E237496000A1E16 /* Main.storyboard in Resources */ = {isa = PBXBuildFile; fileRef = 1073E6151E237496000A1E16 /* Main.storyboard */; };
		1073E61A1E237496000A1E16 /* Reactive.xcdatamodeld in Sources */ = {isa = PBXBuildFile; fileRef = 1073E6181E237496000A1E16 /* Reactive.xcdatamodeld */; };
		1073E61C1E237496000A1E16 /* Assets.xcassets in Resources */ = {isa = PBXBuildFile; fileRef = 1073E61B1E237496000A1E16 /* Assets.xcassets */; };
		1073E61F1E237496000A1E16 /* LaunchScreen.storyboard in Resources */ = {isa = PBXBuildFile; fileRef = 1073E61D1E237496000A1E16 /* LaunchScreen.storyboard */; };
		1073E62A1E237497000A1E16 /* ReactiveTests.swift in Sources */ = {isa = PBXBuildFile; fileRef = 1073E6291E237497000A1E16 /* ReactiveTests.swift */; };
		1073E6351E237497000A1E16 /* ReactiveUITests.swift in Sources */ = {isa = PBXBuildFile; fileRef = 1073E6341E237497000A1E16 /* ReactiveUITests.swift */; };
		9B120D51CCB5E1D412B9B744 /* Pods_Reactive.framework in Frameworks */ = {isa = PBXBuildFile; fileRef = A90DEF8A876300A3C75A2361 /* Pods_Reactive.framework */; };
/* End PBXBuildFile section */

/* Begin PBXContainerItemProxy section */
		1073E6261E237496000A1E16 /* PBXContainerItemProxy */ = {
			isa = PBXContainerItemProxy;
			containerPortal = 1073E6061E237496000A1E16 /* Project object */;
			proxyType = 1;
			remoteGlobalIDString = 1073E60D1E237496000A1E16;
			remoteInfo = Reactive;
		};
		1073E6311E237497000A1E16 /* PBXContainerItemProxy */ = {
			isa = PBXContainerItemProxy;
			containerPortal = 1073E6061E237496000A1E16 /* Project object */;
			proxyType = 1;
			remoteGlobalIDString = 1073E60D1E237496000A1E16;
			remoteInfo = Reactive;
		};
/* End PBXContainerItemProxy section */

/* Begin PBXFileReference section */
		1073E60E1E237496000A1E16 /* Reactive.app */ = {isa = PBXFileReference; explicitFileType = wrapper.application; includeInIndex = 0; path = Reactive.app; sourceTree = BUILT_PRODUCTS_DIR; };
		1073E6111E237496000A1E16 /* AppDelegate.swift */ = {isa = PBXFileReference; lastKnownFileType = sourcecode.swift; path = AppDelegate.swift; sourceTree = "<group>"; };
		1073E6131E237496000A1E16 /* ViewController.swift */ = {isa = PBXFileReference; lastKnownFileType = sourcecode.swift; path = ViewController.swift; sourceTree = "<group>"; };
		1073E6161E237496000A1E16 /* Base */ = {isa = PBXFileReference; lastKnownFileType = file.storyboard; name = Base; path = Base.lproj/Main.storyboard; sourceTree = "<group>"; };
		1073E6191E237496000A1E16 /* Reactive.xcdatamodel */ = {isa = PBXFileReference; lastKnownFileType = wrapper.xcdatamodel; path = Reactive.xcdatamodel; sourceTree = "<group>"; };
		1073E61B1E237496000A1E16 /* Assets.xcassets */ = {isa = PBXFileReference; lastKnownFileType = folder.assetcatalog; path = Assets.xcassets; sourceTree = "<group>"; };
		1073E61E1E237496000A1E16 /* Base */ = {isa = PBXFileReference; lastKnownFileType = file.storyboard; name = Base; path = Base.lproj/LaunchScreen.storyboard; sourceTree = "<group>"; };
		1073E6201E237496000A1E16 /* Info.plist */ = {isa = PBXFileReference; lastKnownFileType = text.plist.xml; path = Info.plist; sourceTree = "<group>"; };
		1073E6251E237496000A1E16 /* ReactiveTests.xctest */ = {isa = PBXFileReference; explicitFileType = wrapper.cfbundle; includeInIndex = 0; path = ReactiveTests.xctest; sourceTree = BUILT_PRODUCTS_DIR; };
		1073E6291E237497000A1E16 /* ReactiveTests.swift */ = {isa = PBXFileReference; lastKnownFileType = sourcecode.swift; path = ReactiveTests.swift; sourceTree = "<group>"; };
		1073E62B1E237497000A1E16 /* Info.plist */ = {isa = PBXFileReference; lastKnownFileType = text.plist.xml; path = Info.plist; sourceTree = "<group>"; };
		1073E6301E237497000A1E16 /* ReactiveUITests.xctest */ = {isa = PBXFileReference; explicitFileType = wrapper.cfbundle; includeInIndex = 0; path = ReactiveUITests.xctest; sourceTree = BUILT_PRODUCTS_DIR; };
		1073E6341E237497000A1E16 /* ReactiveUITests.swift */ = {isa = PBXFileReference; lastKnownFileType = sourcecode.swift; path = ReactiveUITests.swift; sourceTree = "<group>"; };
		1073E6361E237497000A1E16 /* Info.plist */ = {isa = PBXFileReference; lastKnownFileType = text.plist.xml; path = Info.plist; sourceTree = "<group>"; };
		27C193C3A3C0B9DE6FAA263F /* Pods-Reactive.release.xcconfig */ = {isa = PBXFileReference; includeInIndex = 1; lastKnownFileType = text.xcconfig; name = "Pods-Reactive.release.xcconfig"; path = "Pods/Target Support Files/Pods-Reactive/Pods-Reactive.release.xcconfig"; sourceTree = "<group>"; };
		5EA2CEB4974613EAE4FBC168 /* Pods-Reactive.debug.xcconfig */ = {isa = PBXFileReference; includeInIndex = 1; lastKnownFileType = text.xcconfig; name = "Pods-Reactive.debug.xcconfig"; path = "Pods/Target Support Files/Pods-Reactive/Pods-Reactive.debug.xcconfig"; sourceTree = "<group>"; };
		A90DEF8A876300A3C75A2361 /* Pods_Reactive.framework */ = {isa = PBXFileReference; explicitFileType = wrapper.framework; includeInIndex = 0; path = Pods_Reactive.framework; sourceTree = BUILT_PRODUCTS_DIR; };
/* End PBXFileReference section */

/* Begin PBXFrameworksBuildPhase section */
		1073E60B1E237496000A1E16 /* Frameworks */ = {
			isa = PBXFrameworksBuildPhase;
			buildActionMask = 2147483647;
			files = (
				9B120D51CCB5E1D412B9B744 /* Pods_Reactive.framework in Frameworks */,
			);
			runOnlyForDeploymentPostprocessing = 0;
		};
		1073E6221E237496000A1E16 /* Frameworks */ = {
			isa = PBXFrameworksBuildPhase;
			buildActionMask = 2147483647;
			files = (
			);
			runOnlyForDeploymentPostprocessing = 0;
		};
		1073E62D1E237497000A1E16 /* Frameworks */ = {
			isa = PBXFrameworksBuildPhase;
			buildActionMask = 2147483647;
			files = (
			);
			runOnlyForDeploymentPostprocessing = 0;
		};
/* End PBXFrameworksBuildPhase section */

/* Begin PBXGroup section */
		1073E6051E237496000A1E16 = {
			isa = PBXGroup;
			children = (
				1073E6101E237496000A1E16 /* Reactive */,
				1073E6281E237497000A1E16 /* ReactiveTests */,
				1073E6331E237497000A1E16 /* ReactiveUITests */,
				1073E60F1E237496000A1E16 /* Products */,
				C074B58ABD533F2C23FDED2C /* Pods */,
				A0F7EB5383FDCC50DF571EB9 /* Frameworks */,
			);
			sourceTree = "<group>";
		};
		1073E60F1E237496000A1E16 /* Products */ = {
			isa = PBXGroup;
			children = (
				1073E60E1E237496000A1E16 /* Reactive.app */,
				1073E6251E237496000A1E16 /* ReactiveTests.xctest */,
				1073E6301E237497000A1E16 /* ReactiveUITests.xctest */,
			);
			name = Products;
			sourceTree = "<group>";
		};
		1073E6101E237496000A1E16 /* Reactive */ = {
			isa = PBXGroup;
			children = (
				1073E6111E237496000A1E16 /* AppDelegate.swift */,
				1073E6131E237496000A1E16 /* ViewController.swift */,
				1073E6151E237496000A1E16 /* Main.storyboard */,
				1073E61B1E237496000A1E16 /* Assets.xcassets */,
				1073E61D1E237496000A1E16 /* LaunchScreen.storyboard */,
				1073E6201E237496000A1E16 /* Info.plist */,
				1073E6181E237496000A1E16 /* Reactive.xcdatamodeld */,
			);
			path = Reactive;
			sourceTree = "<group>";
		};
		1073E6281E237497000A1E16 /* ReactiveTests */ = {
			isa = PBXGroup;
			children = (
				1073E6291E237497000A1E16 /* ReactiveTests.swift */,
				1073E62B1E237497000A1E16 /* Info.plist */,
			);
			path = ReactiveTests;
			sourceTree = "<group>";
		};
		1073E6331E237497000A1E16 /* ReactiveUITests */ = {
			isa = PBXGroup;
			children = (
				1073E6341E237497000A1E16 /* ReactiveUITests.swift */,
				1073E6361E237497000A1E16 /* Info.plist */,
			);
			path = ReactiveUITests;
			sourceTree = "<group>";
		};
		A0F7EB5383FDCC50DF571EB9 /* Frameworks */ = {
			isa = PBXGroup;
			children = (
				A90DEF8A876300A3C75A2361 /* Pods_Reactive.framework */,
			);
			name = Frameworks;
			sourceTree = "<group>";
		};
		C074B58ABD533F2C23FDED2C /* Pods */ = {
			isa = PBXGroup;
			children = (
				5EA2CEB4974613EAE4FBC168 /* Pods-Reactive.debug.xcconfig */,
				27C193C3A3C0B9DE6FAA263F /* Pods-Reactive.release.xcconfig */,
			);
			name = Pods;
			sourceTree = "<group>";
		};
/* End PBXGroup section */

/* Begin PBXNativeTarget section */
		1073E60D1E237496000A1E16 /* Reactive */ = {
			isa = PBXNativeTarget;
			buildConfigurationList = 1073E6391E237497000A1E16 /* Build configuration list for PBXNativeTarget "Reactive" */;
			buildPhases = (
				CB421445C692DDB8DA4999EE /* [CP] Check Pods Manifest.lock */,
				1073E60A1E237496000A1E16 /* Sources */,
				1073E60B1E237496000A1E16 /* Frameworks */,
				1073E60C1E237496000A1E16 /* Resources */,
				5519D7FB9464C8142293AC1B /* [CP] Embed Pods Frameworks */,
				AD7EE6DFEB882140DF128294 /* [CP] Copy Pods Resources */,
			);
			buildRules = (
			);
			dependencies = (
			);
			name = Reactive;
			productName = Reactive;
			productReference = 1073E60E1E237496000A1E16 /* Reactive.app */;
			productType = "com.apple.product-type.application";
		};
		1073E6241E237496000A1E16 /* ReactiveTests */ = {
			isa = PBXNativeTarget;
			buildConfigurationList = 1073E63C1E237497000A1E16 /* Build configuration list for PBXNativeTarget "ReactiveTests" */;
			buildPhases = (
				1073E6211E237496000A1E16 /* Sources */,
				1073E6221E237496000A1E16 /* Frameworks */,
				1073E6231E237496000A1E16 /* Resources */,
			);
			buildRules = (
			);
			dependencies = (
				1073E6271E237496000A1E16 /* PBXTargetDependency */,
			);
			name = ReactiveTests;
			productName = ReactiveTests;
			productReference = 1073E6251E237496000A1E16 /* ReactiveTests.xctest */;
			productType = "com.apple.product-type.bundle.unit-test";
		};
		1073E62F1E237497000A1E16 /* ReactiveUITests */ = {
			isa = PBXNativeTarget;
			buildConfigurationList = 1073E63F1E237497000A1E16 /* Build configuration list for PBXNativeTarget "ReactiveUITests" */;
			buildPhases = (
				1073E62C1E237497000A1E16 /* Sources */,
				1073E62D1E237497000A1E16 /* Frameworks */,
				1073E62E1E237497000A1E16 /* Resources */,
			);
			buildRules = (
			);
			dependencies = (
				1073E6321E237497000A1E16 /* PBXTargetDependency */,
			);
			name = ReactiveUITests;
			productName = ReactiveUITests;
			productReference = 1073E6301E237497000A1E16 /* ReactiveUITests.xctest */;
			productType = "com.apple.product-type.bundle.ui-testing";
		};
/* End PBXNativeTarget section */

/* Begin PBXProject section */
		1073E6061E237496000A1E16 /* Project object */ = {
			isa = PBXProject;
			attributes = {
				LastSwiftUpdateCheck = 0820;
				LastUpgradeCheck = 0820;
				ORGANIZATIONNAME = "Amit-Fueled";
				TargetAttributes = {
					1073E60D1E237496000A1E16 = {
						CreatedOnToolsVersion = 8.2.1;
						DevelopmentTeam = MWS5P6S5W6;
						ProvisioningStyle = Automatic;
					};
					1073E6241E237496000A1E16 = {
						CreatedOnToolsVersion = 8.2.1;
						DevelopmentTeam = MWS5P6S5W6;
						ProvisioningStyle = Automatic;
						TestTargetID = 1073E60D1E237496000A1E16;
					};
					1073E62F1E237497000A1E16 = {
						CreatedOnToolsVersion = 8.2.1;
						DevelopmentTeam = MWS5P6S5W6;
						ProvisioningStyle = Automatic;
						TestTargetID = 1073E60D1E237496000A1E16;
					};
				};
			};
			buildConfigurationList = 1073E6091E237496000A1E16 /* Build configuration list for PBXProject "Reactive" */;
			compatibilityVersion = "Xcode 3.2";
			developmentRegion = English;
			hasScannedForEncodings = 0;
			knownRegions = (
				en,
				Base,
			);
			mainGroup = 1073E6051E237496000A1E16;
			productRefGroup = 1073E60F1E237496000A1E16 /* Products */;
			projectDirPath = "";
			projectRoot = "";
			targets = (
				1073E60D1E237496000A1E16 /* Reactive */,
				1073E6241E237496000A1E16 /* ReactiveTests */,
				1073E62F1E237497000A1E16 /* ReactiveUITests */,
			);
		};
/* End PBXProject section */

/* Begin PBXResourcesBuildPhase section */
		1073E60C1E237496000A1E16 /* Resources */ = {
			isa = PBXResourcesBuildPhase;
			buildActionMask = 2147483647;
			files = (
				1073E61F1E237496000A1E16 /* LaunchScreen.storyboard in Resources */,
				1073E61C1E237496000A1E16 /* Assets.xcassets in Resources */,
				1073E6171E237496000A1E16 /* Main.storyboard in Resources */,
			);
			runOnlyForDeploymentPostprocessing = 0;
		};
		1073E6231E237496000A1E16 /* Resources */ = {
			isa = PBXResourcesBuildPhase;
			buildActionMask = 2147483647;
			files = (
			);
			runOnlyForDeploymentPostprocessing = 0;
		};
		1073E62E1E237497000A1E16 /* Resources */ = {
			isa = PBXResourcesBuildPhase;
			buildActionMask = 2147483647;
			files = (
			);
			runOnlyForDeploymentPostprocessing = 0;
		};
/* End PBXResourcesBuildPhase section */

/* Begin PBXShellScriptBuildPhase section */
		5519D7FB9464C8142293AC1B /* [CP] Embed Pods Frameworks */ = {
			isa = PBXShellScriptBuildPhase;
			buildActionMask = 2147483647;
			files = (
			);
			inputPaths = (
			);
			name = "[CP] Embed Pods Frameworks";
			outputPaths = (
			);
			runOnlyForDeploymentPostprocessing = 0;
			shellPath = /bin/sh;
			shellScript = "\"${SRCROOT}/Pods/Target Support Files/Pods-Reactive/Pods-Reactive-frameworks.sh\"\n";
			showEnvVarsInLog = 0;
		};
		AD7EE6DFEB882140DF128294 /* [CP] Copy Pods Resources */ = {
			isa = PBXShellScriptBuildPhase;
			buildActionMask = 2147483647;
			files = (
			);
			inputPaths = (
			);
			name = "[CP] Copy Pods Resources";
			outputPaths = (
			);
			runOnlyForDeploymentPostprocessing = 0;
			shellPath = /bin/sh;
			shellScript = "\"${SRCROOT}/Pods/Target Support Files/Pods-Reactive/Pods-Reactive-resources.sh\"\n";
			showEnvVarsInLog = 0;
		};
		CB421445C692DDB8DA4999EE /* [CP] Check Pods Manifest.lock */ = {
			isa = PBXShellScriptBuildPhase;
			buildActionMask = 2147483647;
			files = (
			);
			inputPaths = (
			);
			name = "[CP] Check Pods Manifest.lock";
			outputPaths = (
			);
			runOnlyForDeploymentPostprocessing = 0;
			shellPath = /bin/sh;
			shellScript = "diff \"${PODS_ROOT}/../Podfile.lock\" \"${PODS_ROOT}/Manifest.lock\" > /dev/null\nif [ $? != 0 ] ; then\n    # print error to STDERR\n    echo \"error: The sandbox is not in sync with the Podfile.lock. Run 'pod install' or update your CocoaPods installation.\" >&2\n    exit 1\nfi\n";
			showEnvVarsInLog = 0;
		};
/* End PBXShellScriptBuildPhase section */

/* Begin PBXSourcesBuildPhase section */
		1073E60A1E237496000A1E16 /* Sources */ = {
			isa = PBXSourcesBuildPhase;
			buildActionMask = 2147483647;
			files = (
				1073E6141E237496000A1E16 /* ViewController.swift in Sources */,
				1073E6121E237496000A1E16 /* AppDelegate.swift in Sources */,
				1073E61A1E237496000A1E16 /* Reactive.xcdatamodeld in Sources */,
			);
			runOnlyForDeploymentPostprocessing = 0;
		};
		1073E6211E237496000A1E16 /* Sources */ = {
			isa = PBXSourcesBuildPhase;
			buildActionMask = 2147483647;
			files = (
				1073E62A1E237497000A1E16 /* ReactiveTests.swift in Sources */,
			);
			runOnlyForDeploymentPostprocessing = 0;
		};
		1073E62C1E237497000A1E16 /* Sources */ = {
			isa = PBXSourcesBuildPhase;
			buildActionMask = 2147483647;
			files = (
				1073E6351E237497000A1E16 /* ReactiveUITests.swift in Sources */,
			);
			runOnlyForDeploymentPostprocessing = 0;
		};
/* End PBXSourcesBuildPhase section */

/* Begin PBXTargetDependency section */
		1073E6271E237496000A1E16 /* PBXTargetDependency */ = {
			isa = PBXTargetDependency;
			target = 1073E60D1E237496000A1E16 /* Reactive */;
			targetProxy = 1073E6261E237496000A1E16 /* PBXContainerItemProxy */;
		};
		1073E6321E237497000A1E16 /* PBXTargetDependency */ = {
			isa = PBXTargetDependency;
			target = 1073E60D1E237496000A1E16 /* Reactive */;
			targetProxy = 1073E6311E237497000A1E16 /* PBXContainerItemProxy */;
		};
/* End PBXTargetDependency section */

/* Begin PBXVariantGroup section */
		1073E6151E237496000A1E16 /* Main.storyboard */ = {
			isa = PBXVariantGroup;
			children = (
				1073E6161E237496000A1E16 /* Base */,
			);
			name = Main.storyboard;
			sourceTree = "<group>";
		};
		1073E61D1E237496000A1E16 /* LaunchScreen.storyboard */ = {
			isa = PBXVariantGroup;
			children = (
				1073E61E1E237496000A1E16 /* Base */,
			);
			name = LaunchScreen.storyboard;
			sourceTree = "<group>";
		};
/* End PBXVariantGroup section */

/* Begin XCBuildConfiguration section */
		1073E6371E237497000A1E16 /* Debug */ = {
			isa = XCBuildConfiguration;
			buildSettings = {
				ALWAYS_SEARCH_USER_PATHS = NO;
				CLANG_ANALYZER_NONNULL = YES;
				CLANG_CXX_LANGUAGE_STANDARD = "gnu++0x";
				CLANG_CXX_LIBRARY = "libc++";
				CLANG_ENABLE_MODULES = YES;
				CLANG_ENABLE_OBJC_ARC = YES;
				CLANG_WARN_BOOL_CONVERSION = YES;
				CLANG_WARN_CONSTANT_CONVERSION = YES;
				CLANG_WARN_DIRECT_OBJC_ISA_USAGE = YES_ERROR;
				CLANG_WARN_DOCUMENTATION_COMMENTS = YES;
				CLANG_WARN_EMPTY_BODY = YES;
				CLANG_WARN_ENUM_CONVERSION = YES;
				CLANG_WARN_INFINITE_RECURSION = YES;
				CLANG_WARN_INT_CONVERSION = YES;
				CLANG_WARN_OBJC_ROOT_CLASS = YES_ERROR;
				CLANG_WARN_SUSPICIOUS_MOVE = YES;
				CLANG_WARN_UNREACHABLE_CODE = YES;
				CLANG_WARN__DUPLICATE_METHOD_MATCH = YES;
				"CODE_SIGN_IDENTITY[sdk=iphoneos*]" = "iPhone Developer";
				COPY_PHASE_STRIP = NO;
				DEBUG_INFORMATION_FORMAT = dwarf;
				ENABLE_STRICT_OBJC_MSGSEND = YES;
				ENABLE_TESTABILITY = YES;
				GCC_C_LANGUAGE_STANDARD = gnu99;
				GCC_DYNAMIC_NO_PIC = NO;
				GCC_NO_COMMON_BLOCKS = YES;
				GCC_OPTIMIZATION_LEVEL = 0;
				GCC_PREPROCESSOR_DEFINITIONS = (
					"DEBUG=1",
					"$(inherited)",
				);
				GCC_WARN_64_TO_32_BIT_CONVERSION = YES;
				GCC_WARN_ABOUT_RETURN_TYPE = YES_ERROR;
				GCC_WARN_UNDECLARED_SELECTOR = YES;
				GCC_WARN_UNINITIALIZED_AUTOS = YES_AGGRESSIVE;
				GCC_WARN_UNUSED_FUNCTION = YES;
				GCC_WARN_UNUSED_VARIABLE = YES;
				IPHONEOS_DEPLOYMENT_TARGET = 10.2;
				MTL_ENABLE_DEBUG_INFO = YES;
				ONLY_ACTIVE_ARCH = YES;
				SDKROOT = iphoneos;
				SWIFT_ACTIVE_COMPILATION_CONDITIONS = DEBUG;
				SWIFT_OPTIMIZATION_LEVEL = "-Onone";
				TARGETED_DEVICE_FAMILY = "1,2";
			};
			name = Debug;
		};
		1073E6381E237497000A1E16 /* Release */ = {
			isa = XCBuildConfiguration;
			buildSettings = {
				ALWAYS_SEARCH_USER_PATHS = NO;
				CLANG_ANALYZER_NONNULL = YES;
				CLANG_CXX_LANGUAGE_STANDARD = "gnu++0x";
				CLANG_CXX_LIBRARY = "libc++";
				CLANG_ENABLE_MODULES = YES;
				CLANG_ENABLE_OBJC_ARC = YES;
				CLANG_WARN_BOOL_CONVERSION = YES;
				CLANG_WARN_CONSTANT_CONVERSION = YES;
				CLANG_WARN_DIRECT_OBJC_ISA_USAGE = YES_ERROR;
				CLANG_WARN_DOCUMENTATION_COMMENTS = YES;
				CLANG_WARN_EMPTY_BODY = YES;
				CLANG_WARN_ENUM_CONVERSION = YES;
				CLANG_WARN_INFINITE_RECURSION = YES;
				CLANG_WARN_INT_CONVERSION = YES;
				CLANG_WARN_OBJC_ROOT_CLASS = YES_ERROR;
				CLANG_WARN_SUSPICIOUS_MOVE = YES;
				CLANG_WARN_UNREACHABLE_CODE = YES;
				CLANG_WARN__DUPLICATE_METHOD_MATCH = YES;
				"CODE_SIGN_IDENTITY[sdk=iphoneos*]" = "iPhone Developer";
				COPY_PHASE_STRIP = NO;
				DEBUG_INFORMATION_FORMAT = "dwarf-with-dsym";
				ENABLE_NS_ASSERTIONS = NO;
				ENABLE_STRICT_OBJC_MSGSEND = YES;
				GCC_C_LANGUAGE_STANDARD = gnu99;
				GCC_NO_COMMON_BLOCKS = YES;
				GCC_WARN_64_TO_32_BIT_CONVERSION = YES;
				GCC_WARN_ABOUT_RETURN_TYPE = YES_ERROR;
				GCC_WARN_UNDECLARED_SELECTOR = YES;
				GCC_WARN_UNINITIALIZED_AUTOS = YES_AGGRESSIVE;
				GCC_WARN_UNUSED_FUNCTION = YES;
				GCC_WARN_UNUSED_VARIABLE = YES;
				IPHONEOS_DEPLOYMENT_TARGET = 10.2;
				MTL_ENABLE_DEBUG_INFO = NO;
				SDKROOT = iphoneos;
				SWIFT_OPTIMIZATION_LEVEL = "-Owholemodule";
				TARGETED_DEVICE_FAMILY = "1,2";
				VALIDATE_PRODUCT = YES;
			};
			name = Release;
		};
		1073E63A1E237497000A1E16 /* Debug */ = {
			isa = XCBuildConfiguration;
			baseConfigurationReference = 5EA2CEB4974613EAE4FBC168 /* Pods-Reactive.debug.xcconfig */;
			buildSettings = {
				ASSETCATALOG_COMPILER_APPICON_NAME = AppIcon;
				DEVELOPMENT_TEAM = MWS5P6S5W6;
				INFOPLIST_FILE = Reactive/Info.plist;
				LD_RUNPATH_SEARCH_PATHS = "$(inherited) @executable_path/Frameworks";
				PRODUCT_BUNDLE_IDENTIFIER = Fueled.Reactive;
				PRODUCT_NAME = "$(TARGET_NAME)";
				SWIFT_VERSION = 3.0;
			};
			name = Debug;
		};
		1073E63B1E237497000A1E16 /* Release */ = {
			isa = XCBuildConfiguration;
			baseConfigurationReference = 27C193C3A3C0B9DE6FAA263F /* Pods-Reactive.release.xcconfig */;
			buildSettings = {
				ASSETCATALOG_COMPILER_APPICON_NAME = AppIcon;
				DEVELOPMENT_TEAM = MWS5P6S5W6;
				INFOPLIST_FILE = Reactive/Info.plist;
				LD_RUNPATH_SEARCH_PATHS = "$(inherited) @executable_path/Frameworks";
				PRODUCT_BUNDLE_IDENTIFIER = Fueled.Reactive;
				PRODUCT_NAME = "$(TARGET_NAME)";
				SWIFT_VERSION = 3.0;
			};
			name = Release;
		};
		1073E63D1E237497000A1E16 /* Debug */ = {
			isa = XCBuildConfiguration;
			buildSettings = {
				ALWAYS_EMBED_SWIFT_STANDARD_LIBRARIES = YES;
				BUNDLE_LOADER = "$(TEST_HOST)";
				DEVELOPMENT_TEAM = MWS5P6S5W6;
				INFOPLIST_FILE = ReactiveTests/Info.plist;
				LD_RUNPATH_SEARCH_PATHS = "$(inherited) @executable_path/Frameworks @loader_path/Frameworks";
				PRODUCT_BUNDLE_IDENTIFIER = Fueled.ReactiveTests;
				PRODUCT_NAME = "$(TARGET_NAME)";
				SWIFT_VERSION = 3.0;
				TEST_HOST = "$(BUILT_PRODUCTS_DIR)/Reactive.app/Reactive";
			};
			name = Debug;
		};
		1073E63E1E237497000A1E16 /* Release */ = {
			isa = XCBuildConfiguration;
			buildSettings = {
				ALWAYS_EMBED_SWIFT_STANDARD_LIBRARIES = YES;
				BUNDLE_LOADER = "$(TEST_HOST)";
				DEVELOPMENT_TEAM = MWS5P6S5W6;
				INFOPLIST_FILE = ReactiveTests/Info.plist;
				LD_RUNPATH_SEARCH_PATHS = "$(inherited) @executable_path/Frameworks @loader_path/Frameworks";
				PRODUCT_BUNDLE_IDENTIFIER = Fueled.ReactiveTests;
				PRODUCT_NAME = "$(TARGET_NAME)";
				SWIFT_VERSION = 3.0;
				TEST_HOST = "$(BUILT_PRODUCTS_DIR)/Reactive.app/Reactive";
			};
			name = Release;
		};
		1073E6401E237497000A1E16 /* Debug */ = {
			isa = XCBuildConfiguration;
			buildSettings = {
				ALWAYS_EMBED_SWIFT_STANDARD_LIBRARIES = YES;
				DEVELOPMENT_TEAM = MWS5P6S5W6;
				INFOPLIST_FILE = ReactiveUITests/Info.plist;
				LD_RUNPATH_SEARCH_PATHS = "$(inherited) @executable_path/Frameworks @loader_path/Frameworks";
				PRODUCT_BUNDLE_IDENTIFIER = Fueled.ReactiveUITests;
				PRODUCT_NAME = "$(TARGET_NAME)";
				SWIFT_VERSION = 3.0;
				TEST_TARGET_NAME = Reactive;
			};
			name = Debug;
		};
		1073E6411E237497000A1E16 /* Release */ = {
			isa = XCBuildConfiguration;
			buildSettings = {
				ALWAYS_EMBED_SWIFT_STANDARD_LIBRARIES = YES;
				DEVELOPMENT_TEAM = MWS5P6S5W6;
				INFOPLIST_FILE = ReactiveUITests/Info.plist;
				LD_RUNPATH_SEARCH_PATHS = "$(inherited) @executable_path/Frameworks @loader_path/Frameworks";
				PRODUCT_BUNDLE_IDENTIFIER = Fueled.ReactiveUITests;
				PRODUCT_NAME = "$(TARGET_NAME)";
				SWIFT_VERSION = 3.0;
				TEST_TARGET_NAME = Reactive;
			};
			name = Release;
		};
/* End XCBuildConfiguration section */

/* Begin XCConfigurationList section */
		1073E6091E237496000A1E16 /* Build configuration list for PBXProject "Reactive" */ = {
			isa = XCConfigurationList;
			buildConfigurations = (
				1073E6371E237497000A1E16 /* Debug */,
				1073E6381E237497000A1E16 /* Release */,
			);
			defaultConfigurationIsVisible = 0;
			defaultConfigurationName = Release;
		};
		1073E6391E237497000A1E16 /* Build configuration list for PBXNativeTarget "Reactive" */ = {
			isa = XCConfigurationList;
			buildConfigurations = (
				1073E63A1E237497000A1E16 /* Debug */,
				1073E63B1E237497000A1E16 /* Release */,
			);
			defaultConfigurationIsVisible = 0;
		};
		1073E63C1E237497000A1E16 /* Build configuration list for PBXNativeTarget "ReactiveTests" */ = {
			isa = XCConfigurationList;
			buildConfigurations = (
				1073E63D1E237497000A1E16 /* Debug */,
				1073E63E1E237497000A1E16 /* Release */,
			);
			defaultConfigurationIsVisible = 0;
		};
		1073E63F1E237497000A1E16 /* Build configuration list for PBXNativeTarget "ReactiveUITests" */ = {
			isa = XCConfigurationList;
			buildConfigurations = (
				1073E6401E237497000A1E16 /* Debug */,
				1073E6411E237497000A1E16 /* Release */,
			);
			defaultConfigurationIsVisible = 0;
		};
/* End XCConfigurationList section */

/* Begin XCVersionGroup section */
		1073E6181E237496000A1E16 /* Reactive.xcdatamodeld */ = {
			isa = XCVersionGroup;
			children = (
				1073E6191E237496000A1E16 /* Reactive.xcdatamodel */,
			);
			currentVersion = 1073E6191E237496000A1E16 /* Reactive.xcdatamodel */;
			path = Reactive.xcdatamodeld;
			sourceTree = "<group>";
			versionGroupType = wrapper.xcdatamodel;
		};
/* End XCVersionGroup section */
	};
	rootObject = 1073E6061E237496000A1E16 /* Project object */;
}
